
Microsoft Visual Studio Solution File, Format Version 12.00
# Visual Studio Version 16
VisualStudioVersion = 16.0.31424.327
MinimumVisualStudioVersion = 10.0.40219.1
Project("{9A19103F-16F7-4668-BE54-9A1E7A4F7556}") = "BibliotecaAPICore", "BibliotecaAPICore\BibliotecaAPICore.csproj", "{CED64B19-13D2-4ED3-996A-9F6B861062F3}"
EndProject
Global
	GlobalSection(SolutionConfigurationPlatforms) = preSolution
		Debug|Any CPU = Debug|Any CPU
		Release|Any CPU = Release|Any CPU
	EndGlobalSection
	GlobalSection(ProjectConfigurationPlatforms) = postSolution
		{CED64B19-13D2-4ED3-996A-9F6B861062F3}.Debug|Any CPU.ActiveCfg = Debug|Any CPU
		{CED64B19-13D2-4ED3-996A-9F6B861062F3}.Debug|Any CPU.Build.0 = Debug|Any CPU
		{CED64B19-13D2-4ED3-996A-9F6B861062F3}.Release|Any CPU.ActiveCfg = Release|Any CPU
		{CED64B19-13D2-4ED3-996A-9F6B861062F3}.Release|Any CPU.Build.0 = Release|Any CPU
	EndGlobalSection
	GlobalSection(SolutionProperties) = preSolution
		HideSolutionNode = FALSE
	EndGlobalSection
	GlobalSection(ExtensibilityGlobals) = postSolution
		SolutionGuid = {E7CE6A0D-CB82-4592-B1A3-0C9445D5D5A8}
	EndGlobalSection
EndGlobal
